
Microsoft Visual Studio Solution File, Format Version 12.00
Project("{2150E333-8FDC-42A3-9474-1A3956D46DE8}") = "src", "src", "{8854D5E5-7066-4BD3-ACBE-4692AC88E4DE}"
EndProject
Project("{FAE04EC0-301F-11D3-BF4B-00C04F79EFBC}") = "ePOS.API", "src\server\ePOS.API\ePOS.API.csproj", "{96EACC24-EB9E-4C01-A4B5-9CE2DDDE4EE3}"
EndProject
Project("{2150E333-8FDC-42A3-9474-1A3956D46DE8}") = "server", "server", "{36209E9B-37E3-43D4-BF72-225C041163CE}"
EndProject
Project("{FAE04EC0-301F-11D3-BF4B-00C04F79EFBC}") = "ePOS.Application", "src\server\ePOS.Application\ePOS.Application.csproj", "{C96013FE-DE30-445C-88C5-179FC86DBF93}"
EndProject
Project("{FAE04EC0-301F-11D3-BF4B-00C04F79EFBC}") = "ePOS.Domain", "src\server\ePOS.Domain\ePOS.Domain.csproj", "{BF5A9EF5-8A80-4AE7-A07F-A397CCC883F4}"
EndProject
Project("{FAE04EC0-301F-11D3-BF4B-00C04F79EFBC}") = "ePOS.Infrastructure", "src\server\ePOS.Infrastructure\ePOS.Infrastructure.csproj", "{B03C744A-CFC7-4174-A9C4-D287D5F22945}"
EndProject
Project("{FAE04EC0-301F-11D3-BF4B-00C04F79EFBC}") = "ePOS.Shared", "src\server\ePOS.Shared\ePOS.Shared.csproj", "{A373CCC1-3BF4-492C-A29D-2AA82E0BA35B}"
EndProject
Project("{2150E333-8FDC-42A3-9474-1A3956D46DE8}") = "client", "client", "{C59F61D3-A7A6-4BEB-A9E1-8045173069FC}"
EndProject
Global
	GlobalSection(SolutionConfigurationPlatforms) = preSolution
		Debug|Any CPU = Debug|Any CPU
		Release|Any CPU = Release|Any CPU
	EndGlobalSection
	GlobalSection(NestedProjects) = preSolution
		{36209E9B-37E3-43D4-BF72-225C041163CE} = {8854D5E5-7066-4BD3-ACBE-4692AC88E4DE}
		{96EACC24-EB9E-4C01-A4B5-9CE2DDDE4EE3} = {36209E9B-37E3-43D4-BF72-225C041163CE}
		{C96013FE-DE30-445C-88C5-179FC86DBF93} = {36209E9B-37E3-43D4-BF72-225C041163CE}
		{BF5A9EF5-8A80-4AE7-A07F-A397CCC883F4} = {36209E9B-37E3-43D4-BF72-225C041163CE}
		{B03C744A-CFC7-4174-A9C4-D287D5F22945} = {36209E9B-37E3-43D4-BF72-225C041163CE}
		{A373CCC1-3BF4-492C-A29D-2AA82E0BA35B} = {36209E9B-37E3-43D4-BF72-225C041163CE}
		{C59F61D3-A7A6-4BEB-A9E1-8045173069FC} = {8854D5E5-7066-4BD3-ACBE-4692AC88E4DE}
	EndGlobalSection
	GlobalSection(ProjectConfigurationPlatforms) = postSolution
		{96EACC24-EB9E-4C01-A4B5-9CE2DDDE4EE3}.Debug|Any CPU.ActiveCfg = Debug|Any CPU
		{96EACC24-EB9E-4C01-A4B5-9CE2DDDE4EE3}.Debug|Any CPU.Build.0 = Debug|Any CPU
		{96EACC24-EB9E-4C01-A4B5-9CE2DDDE4EE3}.Release|Any CPU.ActiveCfg = Release|Any CPU
		{96EACC24-EB9E-4C01-A4B5-9CE2DDDE4EE3}.Release|Any CPU.Build.0 = Release|Any CPU
		{C96013FE-DE30-445C-88C5-179FC86DBF93}.Debug|Any CPU.ActiveCfg = Debug|Any CPU
		{C96013FE-DE30-445C-88C5-179FC86DBF93}.Debug|Any CPU.Build.0 = Debug|Any CPU
		{C96013FE-DE30-445C-88C5-179FC86DBF93}.Release|Any CPU.ActiveCfg = Release|Any CPU
		{C96013FE-DE30-445C-88C5-179FC86DBF93}.Release|Any CPU.Build.0 = Release|Any CPU
		{BF5A9EF5-8A80-4AE7-A07F-A397CCC883F4}.Debug|Any CPU.ActiveCfg = Debug|Any CPU
		{BF5A9EF5-8A80-4AE7-A07F-A397CCC883F4}.Debug|Any CPU.Build.0 = Debug|Any CPU
		{BF5A9EF5-8A80-4AE7-A07F-A397CCC883F4}.Release|Any CPU.ActiveCfg = Release|Any CPU
		{BF5A9EF5-8A80-4AE7-A07F-A397CCC883F4}.Release|Any CPU.Build.0 = Release|Any CPU
		{B03C744A-CFC7-4174-A9C4-D287D5F22945}.Debug|Any CPU.ActiveCfg = Debug|Any CPU
		{B03C744A-CFC7-4174-A9C4-D287D5F22945}.Debug|Any CPU.Build.0 = Debug|Any CPU
		{B03C744A-CFC7-4174-A9C4-D287D5F22945}.Release|Any CPU.ActiveCfg = Release|Any CPU
		{B03C744A-CFC7-4174-A9C4-D287D5F22945}.Release|Any CPU.Build.0 = Release|Any CPU
		{A373CCC1-3BF4-492C-A29D-2AA82E0BA35B}.Debug|Any CPU.ActiveCfg = Debug|Any CPU
		{A373CCC1-3BF4-492C-A29D-2AA82E0BA35B}.Debug|Any CPU.Build.0 = Debug|Any CPU
		{A373CCC1-3BF4-492C-A29D-2AA82E0BA35B}.Release|Any CPU.ActiveCfg = Release|Any CPU
		{A373CCC1-3BF4-492C-A29D-2AA82E0BA35B}.Release|Any CPU.Build.0 = Release|Any CPU
	EndGlobalSection
EndGlobal
